// !$*UTF8*$!
{
	archiveVersion = 1;
	classes = {
	};
	objectVersion = 48;
	objects = {

/* Begin PBXBuildFile section */
		67DDB735221EF4051F69CA91 /* Pods_Doctor_Kit.framework in Frameworks */ = {isa = PBXBuildFile; fileRef = 1F894F316C30D0AECFC9BD10 /* Pods_Doctor_Kit.framework */; };
		F4517FFB20CB6D66004E8CB8 /* Authentication.storyboard in Resources */ = {isa = PBXBuildFile; fileRef = F4517FFA20CB6D66004E8CB8 /* Authentication.storyboard */; };
		F4517FFD20CB6D87004E8CB8 /* Splash.storyboard in Resources */ = {isa = PBXBuildFile; fileRef = F4517FFC20CB6D87004E8CB8 /* Splash.storyboard */; };
		F451800020CB6DC5004E8CB8 /* LoginViewController.swift in Sources */ = {isa = PBXBuildFile; fileRef = F4517FFF20CB6DC5004E8CB8 /* LoginViewController.swift */; };
		F451800420CB7257004E8CB8 /* RoundCornerButton.swift in Sources */ = {isa = PBXBuildFile; fileRef = F451800320CB7257004E8CB8 /* RoundCornerButton.swift */; };
		F451800720CB7421004E8CB8 /* ColorUtil.swift in Sources */ = {isa = PBXBuildFile; fileRef = F451800620CB7421004E8CB8 /* ColorUtil.swift */; };
		F451800A20CB74CA004E8CB8 /* Global.swift in Sources */ = {isa = PBXBuildFile; fileRef = F451800920CB74CA004E8CB8 /* Global.swift */; };
		F451800D20CB76F8004E8CB8 /* SimpleTextField.swift in Sources */ = {isa = PBXBuildFile; fileRef = F451800C20CB76F8004E8CB8 /* SimpleTextField.swift */; };
		F451800F20CB7956004E8CB8 /* Gradient.swift in Sources */ = {isa = PBXBuildFile; fileRef = F451800E20CB7956004E8CB8 /* Gradient.swift */; };
		F451801320CC1059004E8CB8 /* ManageAppointment.storyboard in Resources */ = {isa = PBXBuildFile; fileRef = F451801220CC1059004E8CB8 /* ManageAppointment.storyboard */; };
		F451801520CC1084004E8CB8 /* ManageSchedule.storyboard in Resources */ = {isa = PBXBuildFile; fileRef = F451801420CC1084004E8CB8 /* ManageSchedule.storyboard */; };
		F451801720CC121D004E8CB8 /* Dashboard.storyboard in Resources */ = {isa = PBXBuildFile; fileRef = F451801620CC121D004E8CB8 /* Dashboard.storyboard */; };
		F451801A20CC14CA004E8CB8 /* DashboardViewController.swift in Sources */ = {isa = PBXBuildFile; fileRef = F451801920CC14CA004E8CB8 /* DashboardViewController.swift */; };
		F4DFF46A20E0306300E70E32 /* ScheduleTableViewCell.swift in Sources */ = {isa = PBXBuildFile; fileRef = F4DFF46820E0306300E70E32 /* ScheduleTableViewCell.swift */; };
		F4DFF46B20E0306300E70E32 /* ScheduleTableViewCell.xib in Resources */ = {isa = PBXBuildFile; fileRef = F4DFF46920E0306300E70E32 /* ScheduleTableViewCell.xib */; };
		F4DFF46E20E032EC00E70E32 /* AppointmentsViewController.swift in Sources */ = {isa = PBXBuildFile; fileRef = F4DFF46D20E032EC00E70E32 /* AppointmentsViewController.swift */; };
		F4DFF47120E034A500E70E32 /* Medic.swift in Sources */ = {isa = PBXBuildFile; fileRef = F4DFF47020E034A500E70E32 /* Medic.swift */; };
		F4DFF47320E034BD00E70E32 /* Appointment.swift in Sources */ = {isa = PBXBuildFile; fileRef = F4DFF47220E034BD00E70E32 /* Appointment.swift */; };
		F4DFF47420E0371C00E70E32 /* Home.storyboard in Resources */ = {isa = PBXBuildFile; fileRef = F451801020CC0FE7004E8CB8 /* Home.storyboard */; };
		F4DFF47620E06F3B00E70E32 /* AppointmentDetailViewController.swift in Sources */ = {isa = PBXBuildFile; fileRef = F4DFF47520E06F3B00E70E32 /* AppointmentDetailViewController.swift */; };
		F4E78E6720E6884A00DDFD8E /* DoctorScheduleViewController.swift in Sources */ = {isa = PBXBuildFile; fileRef = F4E78E6620E6884A00DDFD8E /* DoctorScheduleViewController.swift */; };
		F4E78E6B20E6891700DDFD8E /* DoctorScheduleTableViewCell.swift in Sources */ = {isa = PBXBuildFile; fileRef = F4E78E6920E6891700DDFD8E /* DoctorScheduleTableViewCell.swift */; };
		F4E78E6C20E6891700DDFD8E /* DoctorScheduleTableViewCell.xib in Resources */ = {isa = PBXBuildFile; fileRef = F4E78E6A20E6891700DDFD8E /* DoctorScheduleTableViewCell.xib */; };
		F4E78E7120E6A5A400DDFD8E /* AddNewScheduleViewController.swift in Sources */ = {isa = PBXBuildFile; fileRef = F4E78E7020E6A5A400DDFD8E /* AddNewScheduleViewController.swift */; };
		F4E78E7320E6AC2300DDFD8E /* Constants.swift in Sources */ = {isa = PBXBuildFile; fileRef = F4E78E7220E6AC2300DDFD8E /* Constants.swift */; };
		F4E78E7620E7202100DDFD8E /* HealthUpcAPI.swift in Sources */ = {isa = PBXBuildFile; fileRef = F4E78E7520E7202100DDFD8E /* HealthUpcAPI.swift */; };
		F4E78E8020E72B7700DDFD8E /* ZCDates.framework in Frameworks */ = {isa = PBXBuildFile; fileRef = F4E78E7D20E72B3300DDFD8E /* ZCDates.framework */; };
		F4E78E8120E72B7700DDFD8E /* ZCDates.framework in Embed Frameworks */ = {isa = PBXBuildFile; fileRef = F4E78E7D20E72B3300DDFD8E /* ZCDates.framework */; settings = {ATTRIBUTES = (CodeSignOnCopy, RemoveHeadersOnCopy, ); }; };
		F4E78E8620E73E3500DDFD8E /* UserAPI.swift in Sources */ = {isa = PBXBuildFile; fileRef = F4E78E8520E73E3500DDFD8E /* UserAPI.swift */; };
		F4E78E8820E7467900DDFD8E /* DoctorSchedule.swift in Sources */ = {isa = PBXBuildFile; fileRef = F4E78E8720E7467900DDFD8E /* DoctorSchedule.swift */; };
		F4E7AB9020B05A870032AD00 /* AppDelegate.swift in Sources */ = {isa = PBXBuildFile; fileRef = F4E7AB8F20B05A870032AD00 /* AppDelegate.swift */; };
		F4E7AB9820B05A870032AD00 /* Doctor_Kit.xcdatamodeld in Sources */ = {isa = PBXBuildFile; fileRef = F4E7AB9620B05A870032AD00 /* Doctor_Kit.xcdatamodeld */; };
		F4E7AB9A20B05A870032AD00 /* Assets.xcassets in Resources */ = {isa = PBXBuildFile; fileRef = F4E7AB9920B05A870032AD00 /* Assets.xcassets */; };
		F4FB818A20E67B03000D03D1 /* AppointmentEditionViewController.swift in Sources */ = {isa = PBXBuildFile; fileRef = F4FB818920E67B03000D03D1 /* AppointmentEditionViewController.swift */; };
/* End PBXBuildFile section */

/* Begin PBXContainerItemProxy section */
		F4E78E7C20E72B3300DDFD8E /* PBXContainerItemProxy */ = {
			isa = PBXContainerItemProxy;
			containerPortal = F4E78E7720E72B3200DDFD8E /* ZCDates.xcodeproj */;
			proxyType = 2;
			remoteGlobalIDString = F43B98C920A8DDED0065FD6F;
			remoteInfo = ZCDates;
		};
		F4E78E7E20E72B3300DDFD8E /* PBXContainerItemProxy */ = {
			isa = PBXContainerItemProxy;
			containerPortal = F4E78E7720E72B3200DDFD8E /* ZCDates.xcodeproj */;
			proxyType = 2;
			remoteGlobalIDString = F43B98D220A8DDED0065FD6F;
			remoteInfo = ZCDatesTests;
		};
		F4E78E8220E72B7700DDFD8E /* PBXContainerItemProxy */ = {
			isa = PBXContainerItemProxy;
			containerPortal = F4E78E7720E72B3200DDFD8E /* ZCDates.xcodeproj */;
			proxyType = 1;
			remoteGlobalIDString = F43B98C820A8DDED0065FD6F;
			remoteInfo = ZCDates;
		};
/* End PBXContainerItemProxy section */

/* Begin PBXCopyFilesBuildPhase section */
		F4E78E8420E72B7700DDFD8E /* Embed Frameworks */ = {
			isa = PBXCopyFilesBuildPhase;
			buildActionMask = 2147483647;
			dstPath = "";
			dstSubfolderSpec = 10;
			files = (
				F4E78E8120E72B7700DDFD8E /* ZCDates.framework in Embed Frameworks */,
			);
			name = "Embed Frameworks";
			runOnlyForDeploymentPostprocessing = 0;
		};
/* End PBXCopyFilesBuildPhase section */

/* Begin PBXFileReference section */
		1F894F316C30D0AECFC9BD10 /* Pods_Doctor_Kit.framework */ = {isa = PBXFileReference; explicitFileType = wrapper.framework; includeInIndex = 0; path = Pods_Doctor_Kit.framework; sourceTree = BUILT_PRODUCTS_DIR; };
		6300EF87BC2D5D0D99315134 /* Pods-Doctor-Kit.release.xcconfig */ = {isa = PBXFileReference; includeInIndex = 1; lastKnownFileType = text.xcconfig; name = "Pods-Doctor-Kit.release.xcconfig"; path = "Pods/Target Support Files/Pods-Doctor-Kit/Pods-Doctor-Kit.release.xcconfig"; sourceTree = "<group>"; };
		BE8FFDE5BBB15153DF0AFAFB /* Pods-Doctor-Kit.debug.xcconfig */ = {isa = PBXFileReference; includeInIndex = 1; lastKnownFileType = text.xcconfig; name = "Pods-Doctor-Kit.debug.xcconfig"; path = "Pods/Target Support Files/Pods-Doctor-Kit/Pods-Doctor-Kit.debug.xcconfig"; sourceTree = "<group>"; };
		F4517FFA20CB6D66004E8CB8 /* Authentication.storyboard */ = {isa = PBXFileReference; lastKnownFileType = file.storyboard; path = Authentication.storyboard; sourceTree = "<group>"; };
		F4517FFC20CB6D87004E8CB8 /* Splash.storyboard */ = {isa = PBXFileReference; lastKnownFileType = file.storyboard; path = Splash.storyboard; sourceTree = "<group>"; };
		F4517FFF20CB6DC5004E8CB8 /* LoginViewController.swift */ = {isa = PBXFileReference; lastKnownFileType = sourcecode.swift; path = LoginViewController.swift; sourceTree = "<group>"; };
		F451800320CB7257004E8CB8 /* RoundCornerButton.swift */ = {isa = PBXFileReference; lastKnownFileType = sourcecode.swift; path = RoundCornerButton.swift; sourceTree = "<group>"; };
		F451800620CB7421004E8CB8 /* ColorUtil.swift */ = {isa = PBXFileReference; lastKnownFileType = sourcecode.swift; path = ColorUtil.swift; sourceTree = "<group>"; };
		F451800920CB74CA004E8CB8 /* Global.swift */ = {isa = PBXFileReference; lastKnownFileType = sourcecode.swift; path = Global.swift; sourceTree = "<group>"; };
		F451800C20CB76F8004E8CB8 /* SimpleTextField.swift */ = {isa = PBXFileReference; lastKnownFileType = sourcecode.swift; path = SimpleTextField.swift; sourceTree = "<group>"; };
		F451800E20CB7956004E8CB8 /* Gradient.swift */ = {isa = PBXFileReference; lastKnownFileType = sourcecode.swift; path = Gradient.swift; sourceTree = "<group>"; };
		F451801020CC0FE7004E8CB8 /* Home.storyboard */ = {isa = PBXFileReference; lastKnownFileType = file.storyboard; path = Home.storyboard; sourceTree = "<group>"; };
		F451801220CC1059004E8CB8 /* ManageAppointment.storyboard */ = {isa = PBXFileReference; lastKnownFileType = file.storyboard; path = ManageAppointment.storyboard; sourceTree = "<group>"; };
		F451801420CC1084004E8CB8 /* ManageSchedule.storyboard */ = {isa = PBXFileReference; lastKnownFileType = file.storyboard; path = ManageSchedule.storyboard; sourceTree = "<group>"; };
		F451801620CC121D004E8CB8 /* Dashboard.storyboard */ = {isa = PBXFileReference; lastKnownFileType = file.storyboard; path = Dashboard.storyboard; sourceTree = "<group>"; };
		F451801920CC14CA004E8CB8 /* DashboardViewController.swift */ = {isa = PBXFileReference; lastKnownFileType = sourcecode.swift; path = DashboardViewController.swift; sourceTree = "<group>"; };
		F4DFF46820E0306300E70E32 /* ScheduleTableViewCell.swift */ = {isa = PBXFileReference; lastKnownFileType = sourcecode.swift; path = ScheduleTableViewCell.swift; sourceTree = "<group>"; };
		F4DFF46920E0306300E70E32 /* ScheduleTableViewCell.xib */ = {isa = PBXFileReference; lastKnownFileType = file.xib; path = ScheduleTableViewCell.xib; sourceTree = "<group>"; };
		F4DFF46D20E032EC00E70E32 /* AppointmentsViewController.swift */ = {isa = PBXFileReference; lastKnownFileType = sourcecode.swift; path = AppointmentsViewController.swift; sourceTree = "<group>"; };
		F4DFF47020E034A500E70E32 /* Medic.swift */ = {isa = PBXFileReference; lastKnownFileType = sourcecode.swift; path = Medic.swift; sourceTree = "<group>"; };
		F4DFF47220E034BD00E70E32 /* Appointment.swift */ = {isa = PBXFileReference; lastKnownFileType = sourcecode.swift; path = Appointment.swift; sourceTree = "<group>"; };
		F4DFF47520E06F3B00E70E32 /* AppointmentDetailViewController.swift */ = {isa = PBXFileReference; lastKnownFileType = sourcecode.swift; path = AppointmentDetailViewController.swift; sourceTree = "<group>"; };
		F4E78E6620E6884A00DDFD8E /* DoctorScheduleViewController.swift */ = {isa = PBXFileReference; lastKnownFileType = sourcecode.swift; path = DoctorScheduleViewController.swift; sourceTree = "<group>"; };
		F4E78E6920E6891700DDFD8E /* DoctorScheduleTableViewCell.swift */ = {isa = PBXFileReference; lastKnownFileType = sourcecode.swift; path = DoctorScheduleTableViewCell.swift; sourceTree = "<group>"; };
		F4E78E6A20E6891700DDFD8E /* DoctorScheduleTableViewCell.xib */ = {isa = PBXFileReference; lastKnownFileType = file.xib; path = DoctorScheduleTableViewCell.xib; sourceTree = "<group>"; };
		F4E78E6F20E6A47100DDFD8E /* BridgeHeader.h */ = {isa = PBXFileReference; lastKnownFileType = sourcecode.c.h; path = BridgeHeader.h; sourceTree = "<group>"; };
		F4E78E7020E6A5A400DDFD8E /* AddNewScheduleViewController.swift */ = {isa = PBXFileReference; lastKnownFileType = sourcecode.swift; path = AddNewScheduleViewController.swift; sourceTree = "<group>"; };
		F4E78E7220E6AC2300DDFD8E /* Constants.swift */ = {isa = PBXFileReference; lastKnownFileType = sourcecode.swift; path = Constants.swift; sourceTree = "<group>"; };
		F4E78E7520E7202100DDFD8E /* HealthUpcAPI.swift */ = {isa = PBXFileReference; lastKnownFileType = sourcecode.swift; path = HealthUpcAPI.swift; sourceTree = "<group>"; };
		F4E78E7720E72B3200DDFD8E /* ZCDates.xcodeproj */ = {isa = PBXFileReference; lastKnownFileType = "wrapper.pb-project"; name = ZCDates.xcodeproj; path = ZCDates/ZCDates.xcodeproj; sourceTree = "<group>"; };
		F4E78E8520E73E3500DDFD8E /* UserAPI.swift */ = {isa = PBXFileReference; lastKnownFileType = sourcecode.swift; path = UserAPI.swift; sourceTree = "<group>"; };
		F4E78E8720E7467900DDFD8E /* DoctorSchedule.swift */ = {isa = PBXFileReference; lastKnownFileType = sourcecode.swift; path = DoctorSchedule.swift; sourceTree = "<group>"; };
		F4E7AB8C20B05A870032AD00 /* Doctor-Kit.app */ = {isa = PBXFileReference; explicitFileType = wrapper.application; includeInIndex = 0; path = "Doctor-Kit.app"; sourceTree = BUILT_PRODUCTS_DIR; };
		F4E7AB8F20B05A870032AD00 /* AppDelegate.swift */ = {isa = PBXFileReference; lastKnownFileType = sourcecode.swift; path = AppDelegate.swift; sourceTree = "<group>"; };
		F4E7AB9720B05A870032AD00 /* Doctor_Kit.xcdatamodel */ = {isa = PBXFileReference; lastKnownFileType = wrapper.xcdatamodel; path = Doctor_Kit.xcdatamodel; sourceTree = "<group>"; };
		F4E7AB9920B05A870032AD00 /* Assets.xcassets */ = {isa = PBXFileReference; lastKnownFileType = folder.assetcatalog; path = Assets.xcassets; sourceTree = "<group>"; };
		F4E7AB9E20B05A870032AD00 /* Info.plist */ = {isa = PBXFileReference; lastKnownFileType = text.plist.xml; path = Info.plist; sourceTree = "<group>"; };
		F4FB818920E67B03000D03D1 /* AppointmentEditionViewController.swift */ = {isa = PBXFileReference; lastKnownFileType = sourcecode.swift; path = AppointmentEditionViewController.swift; sourceTree = "<group>"; };
/* End PBXFileReference section */

/* Begin PBXFrameworksBuildPhase section */
		F4E7AB8920B05A870032AD00 /* Frameworks */ = {
			isa = PBXFrameworksBuildPhase;
			buildActionMask = 2147483647;
			files = (
				67DDB735221EF4051F69CA91 /* Pods_Doctor_Kit.framework in Frameworks */,
				F4E78E8020E72B7700DDFD8E /* ZCDates.framework in Frameworks */,
			);
			runOnlyForDeploymentPostprocessing = 0;
		};
/* End PBXFrameworksBuildPhase section */

/* Begin PBXGroup section */
		34EE51128906D3E3B5ECC1E2 /* Pods */ = {
			isa = PBXGroup;
			children = (
				BE8FFDE5BBB15153DF0AFAFB /* Pods-Doctor-Kit.debug.xcconfig */,
				6300EF87BC2D5D0D99315134 /* Pods-Doctor-Kit.release.xcconfig */,
			);
			name = Pods;
			sourceTree = "<group>";
		};
		C937730440C332BB9A051995 /* Frameworks */ = {
			isa = PBXGroup;
			children = (
				1F894F316C30D0AECFC9BD10 /* Pods_Doctor_Kit.framework */,
			);
			name = Frameworks;
			sourceTree = "<group>";
		};
		F4517FF620CB6D34004E8CB8 /* Controller */ = {
			isa = PBXGroup;
			children = (
				F4E78E6520E6868100DDFD8E /* ManageSchedule */,
				F4DFF46C20E032AB00E70E32 /* ManageAppointment */,
				F451801820CC14A9004E8CB8 /* Dashboard */,
				F4517FFE20CB6DA9004E8CB8 /* Authentication */,
			);
			path = Controller;
			sourceTree = "<group>";
		};
		F4517FF720CB6D3D004E8CB8 /* Storyboard */ = {
			isa = PBXGroup;
			children = (
				F4517FFA20CB6D66004E8CB8 /* Authentication.storyboard */,
				F4517FFC20CB6D87004E8CB8 /* Splash.storyboard */,
				F451801020CC0FE7004E8CB8 /* Home.storyboard */,
				F451801220CC1059004E8CB8 /* ManageAppointment.storyboard */,
				F451801420CC1084004E8CB8 /* ManageSchedule.storyboard */,
				F451801620CC121D004E8CB8 /* Dashboard.storyboard */,
			);
			path = Storyboard;
			sourceTree = "<group>";
		};
		F4517FF920CB6D58004E8CB8 /* Resources */ = {
			isa = PBXGroup;
			children = (
			);
			path = Resources;
			sourceTree = "<group>";
		};
		F4517FFE20CB6DA9004E8CB8 /* Authentication */ = {
			isa = PBXGroup;
			children = (
				F4517FFF20CB6DC5004E8CB8 /* LoginViewController.swift */,
			);
			path = Authentication;
			sourceTree = "<group>";
		};
		F451800120CB7215004E8CB8 /* Views */ = {
			isa = PBXGroup;
			children = (
				F4DFF46620E0303200E70E32 /* TableView */,
				F451800B20CB7650004E8CB8 /* TextField */,
				F451800220CB721C004E8CB8 /* Buttons */,
			);
			path = Views;
			sourceTree = "<group>";
		};
		F451800220CB721C004E8CB8 /* Buttons */ = {
			isa = PBXGroup;
			children = (
				F451800320CB7257004E8CB8 /* RoundCornerButton.swift */,
			);
			path = Buttons;
			sourceTree = "<group>";
		};
		F451800520CB740B004E8CB8 /* Util */ = {
			isa = PBXGroup;
			children = (
				F4E78E6D20E6A1E700DDFD8E /* lib */,
				F451800620CB7421004E8CB8 /* ColorUtil.swift */,
				F451800E20CB7956004E8CB8 /* Gradient.swift */,
				F4E78E7220E6AC2300DDFD8E /* Constants.swift */,
			);
			path = Util;
			sourceTree = "<group>";
		};
		F451800820CB74BE004E8CB8 /* Global */ = {
			isa = PBXGroup;
			children = (
				F451800920CB74CA004E8CB8 /* Global.swift */,
			);
			path = Global;
			sourceTree = "<group>";
		};
		F451800B20CB7650004E8CB8 /* TextField */ = {
			isa = PBXGroup;
			children = (
				F451800C20CB76F8004E8CB8 /* SimpleTextField.swift */,
			);
			path = TextField;
			sourceTree = "<group>";
		};
		F451801820CC14A9004E8CB8 /* Dashboard */ = {
			isa = PBXGroup;
			children = (
				F451801920CC14CA004E8CB8 /* DashboardViewController.swift */,
			);
			path = Dashboard;
			sourceTree = "<group>";
		};
		F4DFF46620E0303200E70E32 /* TableView */ = {
			isa = PBXGroup;
			children = (
				F4E78E6820E688DB00DDFD8E /* DoctorScheduleCell */,
				F4DFF46720E0303C00E70E32 /* ScheduleCell */,
			);
			path = TableView;
			sourceTree = "<group>";
		};
		F4DFF46720E0303C00E70E32 /* ScheduleCell */ = {
			isa = PBXGroup;
			children = (
				F4DFF46820E0306300E70E32 /* ScheduleTableViewCell.swift */,
				F4DFF46920E0306300E70E32 /* ScheduleTableViewCell.xib */,
			);
			path = ScheduleCell;
			sourceTree = "<group>";
		};
		F4DFF46C20E032AB00E70E32 /* ManageAppointment */ = {
			isa = PBXGroup;
			children = (
				F4DFF46D20E032EC00E70E32 /* AppointmentsViewController.swift */,
				F4DFF47520E06F3B00E70E32 /* AppointmentDetailViewController.swift */,
				F4FB818920E67B03000D03D1 /* AppointmentEditionViewController.swift */,
			);
			path = ManageAppointment;
			sourceTree = "<group>";
		};
		F4DFF46F20E0346D00E70E32 /* Models */ = {
			isa = PBXGroup;
			children = (
				F4DFF47020E034A500E70E32 /* Medic.swift */,
				F4DFF47220E034BD00E70E32 /* Appointment.swift */,
				F4E78E8720E7467900DDFD8E /* DoctorSchedule.swift */,
			);
			path = Models;
			sourceTree = "<group>";
		};
		F4E78E6520E6868100DDFD8E /* ManageSchedule */ = {
			isa = PBXGroup;
			children = (
				F4E78E6620E6884A00DDFD8E /* DoctorScheduleViewController.swift */,
				F4E78E7020E6A5A400DDFD8E /* AddNewScheduleViewController.swift */,
			);
			path = ManageSchedule;
			sourceTree = "<group>";
		};
		F4E78E6820E688DB00DDFD8E /* DoctorScheduleCell */ = {
			isa = PBXGroup;
			children = (
				F4E78E6920E6891700DDFD8E /* DoctorScheduleTableViewCell.swift */,
				F4E78E6A20E6891700DDFD8E /* DoctorScheduleTableViewCell.xib */,
			);
			path = DoctorScheduleCell;
			sourceTree = "<group>";
		};
		F4E78E6D20E6A1E700DDFD8E /* lib */ = {
			isa = PBXGroup;
			children = (
				F4E78E6F20E6A47100DDFD8E /* BridgeHeader.h */,
			);
			path = lib;
			sourceTree = "<group>";
		};
		F4E78E7420E71FB200DDFD8E /* Network */ = {
			isa = PBXGroup;
			children = (
				F4E78E7520E7202100DDFD8E /* HealthUpcAPI.swift */,
				F4E78E8520E73E3500DDFD8E /* UserAPI.swift */,
			);
			path = Network;
			sourceTree = "<group>";
		};
		F4E78E7820E72B3200DDFD8E /* Products */ = {
			isa = PBXGroup;
			children = (
				F4E78E7D20E72B3300DDFD8E /* ZCDates.framework */,
				F4E78E7F20E72B3300DDFD8E /* ZCDatesTests.xctest */,
			);
			name = Products;
			sourceTree = "<group>";
		};
		F4E7AB8320B05A870032AD00 = {
			isa = PBXGroup;
			children = (
				F4E78E7720E72B3200DDFD8E /* ZCDates.xcodeproj */,
				F4E7AB8E20B05A870032AD00 /* Doctor-Kit */,
				F4E7AB8D20B05A870032AD00 /* Products */,
				34EE51128906D3E3B5ECC1E2 /* Pods */,
				C937730440C332BB9A051995 /* Frameworks */,
			);
			sourceTree = "<group>";
		};
		F4E7AB8D20B05A870032AD00 /* Products */ = {
			isa = PBXGroup;
			children = (
				F4E7AB8C20B05A870032AD00 /* Doctor-Kit.app */,
			);
			name = Products;
			sourceTree = "<group>";
		};
		F4E7AB8E20B05A870032AD00 /* Doctor-Kit */ = {
			isa = PBXGroup;
			children = (
				F4E78E7420E71FB200DDFD8E /* Network */,
				F4DFF46F20E0346D00E70E32 /* Models */,
				F451800820CB74BE004E8CB8 /* Global */,
				F451800520CB740B004E8CB8 /* Util */,
				F451800120CB7215004E8CB8 /* Views */,
				F4517FF920CB6D58004E8CB8 /* Resources */,
				F4517FF720CB6D3D004E8CB8 /* Storyboard */,
				F4517FF620CB6D34004E8CB8 /* Controller */,
				F4E7AB8F20B05A870032AD00 /* AppDelegate.swift */,
				F4E7AB9920B05A870032AD00 /* Assets.xcassets */,
				F4E7AB9E20B05A870032AD00 /* Info.plist */,
				F4E7AB9620B05A870032AD00 /* Doctor_Kit.xcdatamodeld */,
			);
			path = "Doctor-Kit";
			sourceTree = "<group>";
		};
/* End PBXGroup section */

/* Begin PBXNativeTarget section */
		F4E7AB8B20B05A870032AD00 /* Doctor-Kit */ = {
			isa = PBXNativeTarget;
			buildConfigurationList = F4E7ABA120B05A870032AD00 /* Build configuration list for PBXNativeTarget "Doctor-Kit" */;
			buildPhases = (
				B54B6EB894831AEEE0F3E1D4 /* [CP] Check Pods Manifest.lock */,
				F4E7AB8820B05A870032AD00 /* Sources */,
				F4E7AB8920B05A870032AD00 /* Frameworks */,
				F4E7AB8A20B05A870032AD00 /* Resources */,
				E4F3F8179528527514EE73FC /* [CP] Embed Pods Frameworks */,
				1E393C9B4E0A110B87AEC3B7 /* [CP] Copy Pods Resources */,
				F4E78E8420E72B7700DDFD8E /* Embed Frameworks */,
			);
			buildRules = (
			);
			dependencies = (
				F4E78E8320E72B7700DDFD8E /* PBXTargetDependency */,
			);
			name = "Doctor-Kit";
			productName = "Doctor-Kit";
			productReference = F4E7AB8C20B05A870032AD00 /* Doctor-Kit.app */;
			productType = "com.apple.product-type.application";
		};
/* End PBXNativeTarget section */

/* Begin PBXProject section */
		F4E7AB8420B05A870032AD00 /* Project object */ = {
			isa = PBXProject;
			attributes = {
				LastSwiftUpdateCheck = 0920;
				LastUpgradeCheck = 0920;
				ORGANIZATIONNAME = UPC;
				TargetAttributes = {
					F4E7AB8B20B05A870032AD00 = {
						CreatedOnToolsVersion = 9.2;
						ProvisioningStyle = Automatic;
					};
				};
			};
			buildConfigurationList = F4E7AB8720B05A870032AD00 /* Build configuration list for PBXProject "Doctor-Kit" */;
			compatibilityVersion = "Xcode 8.0";
			developmentRegion = en;
			hasScannedForEncodings = 0;
			knownRegions = (
				en,
				Base,
			);
			mainGroup = F4E7AB8320B05A870032AD00;
			productRefGroup = F4E7AB8D20B05A870032AD00 /* Products */;
			projectDirPath = "";
			projectReferences = (
				{
					ProductGroup = F4E78E7820E72B3200DDFD8E /* Products */;
					ProjectRef = F4E78E7720E72B3200DDFD8E /* ZCDates.xcodeproj */;
				},
			);
			projectRoot = "";
			targets = (
				F4E7AB8B20B05A870032AD00 /* Doctor-Kit */,
			);
		};
/* End PBXProject section */

/* Begin PBXReferenceProxy section */
		F4E78E7D20E72B3300DDFD8E /* ZCDates.framework */ = {
			isa = PBXReferenceProxy;
			fileType = wrapper.framework;
			path = ZCDates.framework;
			remoteRef = F4E78E7C20E72B3300DDFD8E /* PBXContainerItemProxy */;
			sourceTree = BUILT_PRODUCTS_DIR;
		};
		F4E78E7F20E72B3300DDFD8E /* ZCDatesTests.xctest */ = {
			isa = PBXReferenceProxy;
			fileType = wrapper.cfbundle;
			path = ZCDatesTests.xctest;
			remoteRef = F4E78E7E20E72B3300DDFD8E /* PBXContainerItemProxy */;
			sourceTree = BUILT_PRODUCTS_DIR;
		};
/* End PBXReferenceProxy section */

/* Begin PBXResourcesBuildPhase section */
		F4E7AB8A20B05A870032AD00 /* Resources */ = {
			isa = PBXResourcesBuildPhase;
			buildActionMask = 2147483647;
			files = (
				F4DFF47420E0371C00E70E32 /* Home.storyboard in Resources */,
				F4E7AB9A20B05A870032AD00 /* Assets.xcassets in Resources */,
				F451801320CC1059004E8CB8 /* ManageAppointment.storyboard in Resources */,
				F4DFF46B20E0306300E70E32 /* ScheduleTableViewCell.xib in Resources */,
				F4517FFB20CB6D66004E8CB8 /* Authentication.storyboard in Resources */,
				F4517FFD20CB6D87004E8CB8 /* Splash.storyboard in Resources */,
				F451801520CC1084004E8CB8 /* ManageSchedule.storyboard in Resources */,
				F451801720CC121D004E8CB8 /* Dashboard.storyboard in Resources */,
				F4E78E6C20E6891700DDFD8E /* DoctorScheduleTableViewCell.xib in Resources */,
			);
			runOnlyForDeploymentPostprocessing = 0;
		};
/* End PBXResourcesBuildPhase section */

/* Begin PBXShellScriptBuildPhase section */
		1E393C9B4E0A110B87AEC3B7 /* [CP] Copy Pods Resources */ = {
			isa = PBXShellScriptBuildPhase;
			buildActionMask = 2147483647;
			files = (
			);
			inputPaths = (
			);
			name = "[CP] Copy Pods Resources";
			outputPaths = (
			);
			runOnlyForDeploymentPostprocessing = 0;
			shellPath = /bin/sh;
			shellScript = "\"${SRCROOT}/Pods/Target Support Files/Pods-Doctor-Kit/Pods-Doctor-Kit-resources.sh\"\n";
			showEnvVarsInLog = 0;
		};
		B54B6EB894831AEEE0F3E1D4 /* [CP] Check Pods Manifest.lock */ = {
			isa = PBXShellScriptBuildPhase;
			buildActionMask = 2147483647;
			files = (
			);
			inputPaths = (
				"${PODS_PODFILE_DIR_PATH}/Podfile.lock",
				"${PODS_ROOT}/Manifest.lock",
			);
			name = "[CP] Check Pods Manifest.lock";
			outputPaths = (
				"$(DERIVED_FILE_DIR)/Pods-Doctor-Kit-checkManifestLockResult.txt",
			);
			runOnlyForDeploymentPostprocessing = 0;
			shellPath = /bin/sh;
			shellScript = "diff \"${PODS_PODFILE_DIR_PATH}/Podfile.lock\" \"${PODS_ROOT}/Manifest.lock\" > /dev/null\nif [ $? != 0 ] ; then\n    # print error to STDERR\n    echo \"error: The sandbox is not in sync with the Podfile.lock. Run 'pod install' or update your CocoaPods installation.\" >&2\n    exit 1\nfi\n# This output is used by Xcode 'outputs' to avoid re-running this script phase.\necho \"SUCCESS\" > \"${SCRIPT_OUTPUT_FILE_0}\"\n";
			showEnvVarsInLog = 0;
		};
		E4F3F8179528527514EE73FC /* [CP] Embed Pods Frameworks */ = {
			isa = PBXShellScriptBuildPhase;
			buildActionMask = 2147483647;
			files = (
			);
			inputPaths = (
				"${SRCROOT}/Pods/Target Support Files/Pods-Doctor-Kit/Pods-Doctor-Kit-frameworks.sh",
				"${BUILT_PRODUCTS_DIR}/Alamofire/Alamofire.framework",
				"${BUILT_PRODUCTS_DIR}/IQDropDownTextField/IQDropDownTextField.framework",
				"${BUILT_PRODUCTS_DIR}/SwiftyJSON/SwiftyJSON.framework",
				"${BUILT_PRODUCTS_DIR}/TableFlip/TableFlip.framework",
			);
			name = "[CP] Embed Pods Frameworks";
			outputPaths = (
				"${TARGET_BUILD_DIR}/${FRAMEWORKS_FOLDER_PATH}/Alamofire.framework",
				"${TARGET_BUILD_DIR}/${FRAMEWORKS_FOLDER_PATH}/IQDropDownTextField.framework",
				"${TARGET_BUILD_DIR}/${FRAMEWORKS_FOLDER_PATH}/SwiftyJSON.framework",
				"${TARGET_BUILD_DIR}/${FRAMEWORKS_FOLDER_PATH}/TableFlip.framework",
			);
			runOnlyForDeploymentPostprocessing = 0;
			shellPath = /bin/sh;
			shellScript = "\"${SRCROOT}/Pods/Target Support Files/Pods-Doctor-Kit/Pods-Doctor-Kit-frameworks.sh\"\n";
			showEnvVarsInLog = 0;
		};
/* End PBXShellScriptBuildPhase section */

/* Begin PBXSourcesBuildPhase section */
		F4E7AB8820B05A870032AD00 /* Sources */ = {
			isa = PBXSourcesBuildPhase;
			buildActionMask = 2147483647;
			files = (
				F4DFF47320E034BD00E70E32 /* Appointment.swift in Sources */,
				F4E78E7320E6AC2300DDFD8E /* Constants.swift in Sources */,
				F451800D20CB76F8004E8CB8 /* SimpleTextField.swift in Sources */,
				F4E78E8820E7467900DDFD8E /* DoctorSchedule.swift in Sources */,
				F4E78E7120E6A5A400DDFD8E /* AddNewScheduleViewController.swift in Sources */,
				F451801A20CC14CA004E8CB8 /* DashboardViewController.swift in Sources */,
				F4FB818A20E67B03000D03D1 /* AppointmentEditionViewController.swift in Sources */,
				F4E78E6720E6884A00DDFD8E /* DoctorScheduleViewController.swift in Sources */,
				F4E78E6B20E6891700DDFD8E /* DoctorScheduleTableViewCell.swift in Sources */,
				F4DFF46E20E032EC00E70E32 /* AppointmentsViewController.swift in Sources */,
				F451800020CB6DC5004E8CB8 /* LoginViewController.swift in Sources */,
				F4DFF47120E034A500E70E32 /* Medic.swift in Sources */,
				F451800A20CB74CA004E8CB8 /* Global.swift in Sources */,
				F4E7AB9820B05A870032AD00 /* Doctor_Kit.xcdatamodeld in Sources */,
				F4E78E7620E7202100DDFD8E /* HealthUpcAPI.swift in Sources */,
				F4E7AB9020B05A870032AD00 /* AppDelegate.swift in Sources */,
				F4DFF46A20E0306300E70E32 /* ScheduleTableViewCell.swift in Sources */,
				F451800720CB7421004E8CB8 /* ColorUtil.swift in Sources */,
				F4DFF47620E06F3B00E70E32 /* AppointmentDetailViewController.swift in Sources */,
				F451800420CB7257004E8CB8 /* RoundCornerButton.swift in Sources */,
				F451800F20CB7956004E8CB8 /* Gradient.swift in Sources */,
				F4E78E8620E73E3500DDFD8E /* UserAPI.swift in Sources */,
			);
			runOnlyForDeploymentPostprocessing = 0;
		};
/* End PBXSourcesBuildPhase section */

/* Begin PBXTargetDependency section */
		F4E78E8320E72B7700DDFD8E /* PBXTargetDependency */ = {
			isa = PBXTargetDependency;
			name = ZCDates;
			targetProxy = F4E78E8220E72B7700DDFD8E /* PBXContainerItemProxy */;
		};
/* End PBXTargetDependency section */

/* Begin XCBuildConfiguration section */
		F4E7AB9F20B05A870032AD00 /* Debug */ = {
			isa = XCBuildConfiguration;
			buildSettings = {
				ALWAYS_SEARCH_USER_PATHS = NO;
				CLANG_ANALYZER_NONNULL = YES;
				CLANG_ANALYZER_NUMBER_OBJECT_CONVERSION = YES_AGGRESSIVE;
				CLANG_CXX_LANGUAGE_STANDARD = "gnu++14";
				CLANG_CXX_LIBRARY = "libc++";
				CLANG_ENABLE_MODULES = YES;
				CLANG_ENABLE_OBJC_ARC = YES;
				CLANG_WARN_BLOCK_CAPTURE_AUTORELEASING = YES;
				CLANG_WARN_BOOL_CONVERSION = YES;
				CLANG_WARN_COMMA = YES;
				CLANG_WARN_CONSTANT_CONVERSION = YES;
				CLANG_WARN_DIRECT_OBJC_ISA_USAGE = YES_ERROR;
				CLANG_WARN_DOCUMENTATION_COMMENTS = YES;
				CLANG_WARN_EMPTY_BODY = YES;
				CLANG_WARN_ENUM_CONVERSION = YES;
				CLANG_WARN_INFINITE_RECURSION = YES;
				CLANG_WARN_INT_CONVERSION = YES;
				CLANG_WARN_NON_LITERAL_NULL_CONVERSION = YES;
				CLANG_WARN_OBJC_LITERAL_CONVERSION = YES;
				CLANG_WARN_OBJC_ROOT_CLASS = YES_ERROR;
				CLANG_WARN_RANGE_LOOP_ANALYSIS = YES;
				CLANG_WARN_STRICT_PROTOTYPES = YES;
				CLANG_WARN_SUSPICIOUS_MOVE = YES;
				CLANG_WARN_UNGUARDED_AVAILABILITY = YES_AGGRESSIVE;
				CLANG_WARN_UNREACHABLE_CODE = YES;
				CLANG_WARN__DUPLICATE_METHOD_MATCH = YES;
				CODE_SIGN_IDENTITY = "iPhone Developer";
				COPY_PHASE_STRIP = NO;
				DEBUG_INFORMATION_FORMAT = dwarf;
				ENABLE_STRICT_OBJC_MSGSEND = YES;
				ENABLE_TESTABILITY = YES;
				GCC_C_LANGUAGE_STANDARD = gnu11;
				GCC_DYNAMIC_NO_PIC = NO;
				GCC_NO_COMMON_BLOCKS = YES;
				GCC_OPTIMIZATION_LEVEL = 0;
				GCC_PREPROCESSOR_DEFINITIONS = (
					"DEBUG=1",
					"$(inherited)",
				);
				GCC_WARN_64_TO_32_BIT_CONVERSION = YES;
				GCC_WARN_ABOUT_RETURN_TYPE = YES_ERROR;
				GCC_WARN_UNDECLARED_SELECTOR = YES;
				GCC_WARN_UNINITIALIZED_AUTOS = YES_AGGRESSIVE;
				GCC_WARN_UNUSED_FUNCTION = YES;
				GCC_WARN_UNUSED_VARIABLE = YES;
				IPHONEOS_DEPLOYMENT_TARGET = 11.2;
				MTL_ENABLE_DEBUG_INFO = YES;
				ONLY_ACTIVE_ARCH = YES;
				SDKROOT = iphoneos;
				SWIFT_ACTIVE_COMPILATION_CONDITIONS = DEBUG;
				SWIFT_OPTIMIZATION_LEVEL = "-Onone";
			};
			name = Debug;
		};
		F4E7ABA020B05A870032AD00 /* Release */ = {
			isa = XCBuildConfiguration;
			buildSettings = {
				ALWAYS_SEARCH_USER_PATHS = NO;
				CLANG_ANALYZER_NONNULL = YES;
				CLANG_ANALYZER_NUMBER_OBJECT_CONVERSION = YES_AGGRESSIVE;
				CLANG_CXX_LANGUAGE_STANDARD = "gnu++14";
				CLANG_CXX_LIBRARY = "libc++";
				CLANG_ENABLE_MODULES = YES;
				CLANG_ENABLE_OBJC_ARC = YES;
				CLANG_WARN_BLOCK_CAPTURE_AUTORELEASING = YES;
				CLANG_WARN_BOOL_CONVERSION = YES;
				CLANG_WARN_COMMA = YES;
				CLANG_WARN_CONSTANT_CONVERSION = YES;
				CLANG_WARN_DIRECT_OBJC_ISA_USAGE = YES_ERROR;
				CLANG_WARN_DOCUMENTATION_COMMENTS = YES;
				CLANG_WARN_EMPTY_BODY = YES;
				CLANG_WARN_ENUM_CONVERSION = YES;
				CLANG_WARN_INFINITE_RECURSION = YES;
				CLANG_WARN_INT_CONVERSION = YES;
				CLANG_WARN_NON_LITERAL_NULL_CONVERSION = YES;
				CLANG_WARN_OBJC_LITERAL_CONVERSION = YES;
				CLANG_WARN_OBJC_ROOT_CLASS = YES_ERROR;
				CLANG_WARN_RANGE_LOOP_ANALYSIS = YES;
				CLANG_WARN_STRICT_PROTOTYPES = YES;
				CLANG_WARN_SUSPICIOUS_MOVE = YES;
				CLANG_WARN_UNGUARDED_AVAILABILITY = YES_AGGRESSIVE;
				CLANG_WARN_UNREACHABLE_CODE = YES;
				CLANG_WARN__DUPLICATE_METHOD_MATCH = YES;
				CODE_SIGN_IDENTITY = "iPhone Developer";
				COPY_PHASE_STRIP = NO;
				DEBUG_INFORMATION_FORMAT = "dwarf-with-dsym";
				ENABLE_NS_ASSERTIONS = NO;
				ENABLE_STRICT_OBJC_MSGSEND = YES;
				GCC_C_LANGUAGE_STANDARD = gnu11;
				GCC_NO_COMMON_BLOCKS = YES;
				GCC_WARN_64_TO_32_BIT_CONVERSION = YES;
				GCC_WARN_ABOUT_RETURN_TYPE = YES_ERROR;
				GCC_WARN_UNDECLARED_SELECTOR = YES;
				GCC_WARN_UNINITIALIZED_AUTOS = YES_AGGRESSIVE;
				GCC_WARN_UNUSED_FUNCTION = YES;
				GCC_WARN_UNUSED_VARIABLE = YES;
				IPHONEOS_DEPLOYMENT_TARGET = 11.2;
				MTL_ENABLE_DEBUG_INFO = NO;
				SDKROOT = iphoneos;
				SWIFT_OPTIMIZATION_LEVEL = "-Owholemodule";
				VALIDATE_PRODUCT = YES;
			};
			name = Release;
		};
		F4E7ABA220B05A870032AD00 /* Debug */ = {
			isa = XCBuildConfiguration;
			baseConfigurationReference = BE8FFDE5BBB15153DF0AFAFB /* Pods-Doctor-Kit.debug.xcconfig */;
			buildSettings = {
				ALWAYS_EMBED_SWIFT_STANDARD_LIBRARIES = YES;
				ASSETCATALOG_COMPILER_APPICON_NAME = AppIcon;
				CODE_SIGN_STYLE = Automatic;
				DEVELOPMENT_TEAM = ED5F6DV8X9;
				INFOPLIST_FILE = "Doctor-Kit/Info.plist";
				LD_RUNPATH_SEARCH_PATHS = "$(inherited) @executable_path/Frameworks";
				PRODUCT_BUNDLE_IDENTIFIER = "pe.edu.upc.Doctor-Kit";
				PRODUCT_NAME = "$(TARGET_NAME)";
				SWIFT_VERSION = 4.0;
				TARGETED_DEVICE_FAMILY = "1,2";
			};
			name = Debug;
		};
		F4E7ABA320B05A870032AD00 /* Release */ = {
			isa = XCBuildConfiguration;
			baseConfigurationReference = 6300EF87BC2D5D0D99315134 /* Pods-Doctor-Kit.release.xcconfig */;
			buildSettings = {
				ALWAYS_EMBED_SWIFT_STANDARD_LIBRARIES = YES;
				ASSETCATALOG_COMPILER_APPICON_NAME = AppIcon;
				CODE_SIGN_STYLE = Automatic;
				DEVELOPMENT_TEAM = ED5F6DV8X9;
				INFOPLIST_FILE = "Doctor-Kit/Info.plist";
				LD_RUNPATH_SEARCH_PATHS = "$(inherited) @executable_path/Frameworks";
				PRODUCT_BUNDLE_IDENTIFIER = "pe.edu.upc.Doctor-Kit";
				PRODUCT_NAME = "$(TARGET_NAME)";
				SWIFT_VERSION = 4.0;
				TARGETED_DEVICE_FAMILY = "1,2";
			};
			name = Release;
		};
/* End XCBuildConfiguration section */

/* Begin XCConfigurationList section */
		F4E7AB8720B05A870032AD00 /* Build configuration list for PBXProject "Doctor-Kit" */ = {
			isa = XCConfigurationList;
			buildConfigurations = (
				F4E7AB9F20B05A870032AD00 /* Debug */,
				F4E7ABA020B05A870032AD00 /* Release */,
			);
			defaultConfigurationIsVisible = 0;
			defaultConfigurationName = Release;
		};
		F4E7ABA120B05A870032AD00 /* Build configuration list for PBXNativeTarget "Doctor-Kit" */ = {
			isa = XCConfigurationList;
			buildConfigurations = (
				F4E7ABA220B05A870032AD00 /* Debug */,
				F4E7ABA320B05A870032AD00 /* Release */,
			);
			defaultConfigurationIsVisible = 0;
			defaultConfigurationName = Release;
		};
/* End XCConfigurationList section */

/* Begin XCVersionGroup section */
		F4E7AB9620B05A870032AD00 /* Doctor_Kit.xcdatamodeld */ = {
			isa = XCVersionGroup;
			children = (
				F4E7AB9720B05A870032AD00 /* Doctor_Kit.xcdatamodel */,
			);
			currentVersion = F4E7AB9720B05A870032AD00 /* Doctor_Kit.xcdatamodel */;
			path = Doctor_Kit.xcdatamodeld;
			sourceTree = "<group>";
			versionGroupType = wrapper.xcdatamodel;
		};
/* End XCVersionGroup section */
	};
	rootObject = F4E7AB8420B05A870032AD00 /* Project object */;
}
