// !$*UTF8*$!
{
	archiveVersion = 1;
	classes = {
	};
	objectVersion = 48;
	objects = {

/* Begin PBXBuildFile section */
		F4517FFB20CB6D66004E8CB8 /* Authentication.storyboard in Resources */ = {isa = PBXBuildFile; fileRef = F4517FFA20CB6D66004E8CB8 /* Authentication.storyboard */; };
		F4517FFD20CB6D87004E8CB8 /* Splash.storyboard in Resources */ = {isa = PBXBuildFile; fileRef = F4517FFC20CB6D87004E8CB8 /* Splash.storyboard */; };
		F451800020CB6DC5004E8CB8 /* LoginViewController.swift in Sources */ = {isa = PBXBuildFile; fileRef = F4517FFF20CB6DC5004E8CB8 /* LoginViewController.swift */; };
		F451800420CB7257004E8CB8 /* RoundCornerButton.swift in Sources */ = {isa = PBXBuildFile; fileRef = F451800320CB7257004E8CB8 /* RoundCornerButton.swift */; };
		F451800720CB7421004E8CB8 /* ColorUtil.swift in Sources */ = {isa = PBXBuildFile; fileRef = F451800620CB7421004E8CB8 /* ColorUtil.swift */; };
		F451800A20CB74CA004E8CB8 /* Global.swift in Sources */ = {isa = PBXBuildFile; fileRef = F451800920CB74CA004E8CB8 /* Global.swift */; };
		F451800D20CB76F8004E8CB8 /* SimpleTextField.swift in Sources */ = {isa = PBXBuildFile; fileRef = F451800C20CB76F8004E8CB8 /* SimpleTextField.swift */; };
		F451800F20CB7956004E8CB8 /* Gradient.swift in Sources */ = {isa = PBXBuildFile; fileRef = F451800E20CB7956004E8CB8 /* Gradient.swift */; };
		F4E7AB9020B05A870032AD00 /* AppDelegate.swift in Sources */ = {isa = PBXBuildFile; fileRef = F4E7AB8F20B05A870032AD00 /* AppDelegate.swift */; };
		F4E7AB9820B05A870032AD00 /* Doctor_Kit.xcdatamodeld in Sources */ = {isa = PBXBuildFile; fileRef = F4E7AB9620B05A870032AD00 /* Doctor_Kit.xcdatamodeld */; };
		F4E7AB9A20B05A870032AD00 /* Assets.xcassets in Resources */ = {isa = PBXBuildFile; fileRef = F4E7AB9920B05A870032AD00 /* Assets.xcassets */; };
/* End PBXBuildFile section */

/* Begin PBXFileReference section */
		F4517FFA20CB6D66004E8CB8 /* Authentication.storyboard */ = {isa = PBXFileReference; lastKnownFileType = file.storyboard; path = Authentication.storyboard; sourceTree = "<group>"; };
		F4517FFC20CB6D87004E8CB8 /* Splash.storyboard */ = {isa = PBXFileReference; lastKnownFileType = file.storyboard; path = Splash.storyboard; sourceTree = "<group>"; };
		F4517FFF20CB6DC5004E8CB8 /* LoginViewController.swift */ = {isa = PBXFileReference; lastKnownFileType = sourcecode.swift; path = LoginViewController.swift; sourceTree = "<group>"; };
		F451800320CB7257004E8CB8 /* RoundCornerButton.swift */ = {isa = PBXFileReference; lastKnownFileType = sourcecode.swift; path = RoundCornerButton.swift; sourceTree = "<group>"; };
		F451800620CB7421004E8CB8 /* ColorUtil.swift */ = {isa = PBXFileReference; lastKnownFileType = sourcecode.swift; path = ColorUtil.swift; sourceTree = "<group>"; };
		F451800920CB74CA004E8CB8 /* Global.swift */ = {isa = PBXFileReference; lastKnownFileType = sourcecode.swift; path = Global.swift; sourceTree = "<group>"; };
		F451800C20CB76F8004E8CB8 /* SimpleTextField.swift */ = {isa = PBXFileReference; lastKnownFileType = sourcecode.swift; path = SimpleTextField.swift; sourceTree = "<group>"; };
		F451800E20CB7956004E8CB8 /* Gradient.swift */ = {isa = PBXFileReference; lastKnownFileType = sourcecode.swift; path = Gradient.swift; sourceTree = "<group>"; };
		F4E7AB8C20B05A870032AD00 /* Doctor-Kit.app */ = {isa = PBXFileReference; explicitFileType = wrapper.application; includeInIndex = 0; path = "Doctor-Kit.app"; sourceTree = BUILT_PRODUCTS_DIR; };
		F4E7AB8F20B05A870032AD00 /* AppDelegate.swift */ = {isa = PBXFileReference; lastKnownFileType = sourcecode.swift; path = AppDelegate.swift; sourceTree = "<group>"; };
		F4E7AB9720B05A870032AD00 /* Doctor_Kit.xcdatamodel */ = {isa = PBXFileReference; lastKnownFileType = wrapper.xcdatamodel; path = Doctor_Kit.xcdatamodel; sourceTree = "<group>"; };
		F4E7AB9920B05A870032AD00 /* Assets.xcassets */ = {isa = PBXFileReference; lastKnownFileType = folder.assetcatalog; path = Assets.xcassets; sourceTree = "<group>"; };
		F4E7AB9E20B05A870032AD00 /* Info.plist */ = {isa = PBXFileReference; lastKnownFileType = text.plist.xml; path = Info.plist; sourceTree = "<group>"; };
/* End PBXFileReference section */

/* Begin PBXFrameworksBuildPhase section */
		F4E7AB8920B05A870032AD00 /* Frameworks */ = {
			isa = PBXFrameworksBuildPhase;
			buildActionMask = 2147483647;
			files = (
			);
			runOnlyForDeploymentPostprocessing = 0;
		};
/* End PBXFrameworksBuildPhase section */

/* Begin PBXGroup section */
		F4517FF620CB6D34004E8CB8 /* Controller */ = {
			isa = PBXGroup;
			children = (
				F4517FFE20CB6DA9004E8CB8 /* Authentication */,
			);
			path = Controller;
			sourceTree = "<group>";
		};
		F4517FF720CB6D3D004E8CB8 /* Storyboard */ = {
			isa = PBXGroup;
			children = (
				F4517FFA20CB6D66004E8CB8 /* Authentication.storyboard */,
				F4517FFC20CB6D87004E8CB8 /* Splash.storyboard */,
			);
			path = Storyboard;
			sourceTree = "<group>";
		};
		F4517FF920CB6D58004E8CB8 /* Resources */ = {
			isa = PBXGroup;
			children = (
			);
			path = Resources;
			sourceTree = "<group>";
		};
		F4517FFE20CB6DA9004E8CB8 /* Authentication */ = {
			isa = PBXGroup;
			children = (
				F4517FFF20CB6DC5004E8CB8 /* LoginViewController.swift */,
			);
			path = Authentication;
			sourceTree = "<group>";
		};
		F451800120CB7215004E8CB8 /* Views */ = {
			isa = PBXGroup;
			children = (
				F451800B20CB7650004E8CB8 /* TextField */,
				F451800220CB721C004E8CB8 /* Buttons */,
			);
			path = Views;
			sourceTree = "<group>";
		};
		F451800220CB721C004E8CB8 /* Buttons */ = {
			isa = PBXGroup;
			children = (
				F451800320CB7257004E8CB8 /* RoundCornerButton.swift */,
			);
			path = Buttons;
			sourceTree = "<group>";
		};
		F451800520CB740B004E8CB8 /* Util */ = {
			isa = PBXGroup;
			children = (
				F451800620CB7421004E8CB8 /* ColorUtil.swift */,
				F451800E20CB7956004E8CB8 /* Gradient.swift */,
			);
			path = Util;
			sourceTree = "<group>";
		};
		F451800820CB74BE004E8CB8 /* Global */ = {
			isa = PBXGroup;
			children = (
				F451800920CB74CA004E8CB8 /* Global.swift */,
			);
			path = Global;
			sourceTree = "<group>";
		};
		F451800B20CB7650004E8CB8 /* TextField */ = {
			isa = PBXGroup;
			children = (
				F451800C20CB76F8004E8CB8 /* SimpleTextField.swift */,
			);
			path = TextField;
			sourceTree = "<group>";
		};
		F4E7AB8320B05A870032AD00 = {
			isa = PBXGroup;
			children = (
				F4E7AB8E20B05A870032AD00 /* Doctor-Kit */,
				F4E7AB8D20B05A870032AD00 /* Products */,
			);
			sourceTree = "<group>";
		};
		F4E7AB8D20B05A870032AD00 /* Products */ = {
			isa = PBXGroup;
			children = (
				F4E7AB8C20B05A870032AD00 /* Doctor-Kit.app */,
			);
			name = Products;
			sourceTree = "<group>";
		};
		F4E7AB8E20B05A870032AD00 /* Doctor-Kit */ = {
			isa = PBXGroup;
			children = (
				F451800820CB74BE004E8CB8 /* Global */,
				F451800520CB740B004E8CB8 /* Util */,
				F451800120CB7215004E8CB8 /* Views */,
				F4517FF920CB6D58004E8CB8 /* Resources */,
				F4517FF720CB6D3D004E8CB8 /* Storyboard */,
				F4517FF620CB6D34004E8CB8 /* Controller */,
				F4E7AB8F20B05A870032AD00 /* AppDelegate.swift */,
				F4E7AB9920B05A870032AD00 /* Assets.xcassets */,
				F4E7AB9E20B05A870032AD00 /* Info.plist */,
				F4E7AB9620B05A870032AD00 /* Doctor_Kit.xcdatamodeld */,
			);
			path = "Doctor-Kit";
			sourceTree = "<group>";
		};
/* End PBXGroup section */

/* Begin PBXNativeTarget section */
		F4E7AB8B20B05A870032AD00 /* Doctor-Kit */ = {
			isa = PBXNativeTarget;
			buildConfigurationList = F4E7ABA120B05A870032AD00 /* Build configuration list for PBXNativeTarget "Doctor-Kit" */;
			buildPhases = (
				F4E7AB8820B05A870032AD00 /* Sources */,
				F4E7AB8920B05A870032AD00 /* Frameworks */,
				F4E7AB8A20B05A870032AD00 /* Resources */,
			);
			buildRules = (
			);
			dependencies = (
			);
			name = "Doctor-Kit";
			productName = "Doctor-Kit";
			productReference = F4E7AB8C20B05A870032AD00 /* Doctor-Kit.app */;
			productType = "com.apple.product-type.application";
		};
/* End PBXNativeTarget section */

/* Begin PBXProject section */
		F4E7AB8420B05A870032AD00 /* Project object */ = {
			isa = PBXProject;
			attributes = {
				LastSwiftUpdateCheck = 0920;
				LastUpgradeCheck = 0920;
				ORGANIZATIONNAME = UPC;
				TargetAttributes = {
					F4E7AB8B20B05A870032AD00 = {
						CreatedOnToolsVersion = 9.2;
						ProvisioningStyle = Automatic;
					};
				};
			};
			buildConfigurationList = F4E7AB8720B05A870032AD00 /* Build configuration list for PBXProject "Doctor-Kit" */;
			compatibilityVersion = "Xcode 8.0";
			developmentRegion = en;
			hasScannedForEncodings = 0;
			knownRegions = (
				en,
				Base,
			);
			mainGroup = F4E7AB8320B05A870032AD00;
			productRefGroup = F4E7AB8D20B05A870032AD00 /* Products */;
			projectDirPath = "";
			projectRoot = "";
			targets = (
				F4E7AB8B20B05A870032AD00 /* Doctor-Kit */,
			);
		};
/* End PBXProject section */

/* Begin PBXResourcesBuildPhase section */
		F4E7AB8A20B05A870032AD00 /* Resources */ = {
			isa = PBXResourcesBuildPhase;
			buildActionMask = 2147483647;
			files = (
				F4E7AB9A20B05A870032AD00 /* Assets.xcassets in Resources */,
				F4517FFB20CB6D66004E8CB8 /* Authentication.storyboard in Resources */,
				F4517FFD20CB6D87004E8CB8 /* Splash.storyboard in Resources */,
			);
			runOnlyForDeploymentPostprocessing = 0;
		};
/* End PBXResourcesBuildPhase section */

/* Begin PBXSourcesBuildPhase section */
		F4E7AB8820B05A870032AD00 /* Sources */ = {
			isa = PBXSourcesBuildPhase;
			buildActionMask = 2147483647;
			files = (
				F451800D20CB76F8004E8CB8 /* SimpleTextField.swift in Sources */,
				F451800020CB6DC5004E8CB8 /* LoginViewController.swift in Sources */,
				F451800A20CB74CA004E8CB8 /* Global.swift in Sources */,
				F4E7AB9820B05A870032AD00 /* Doctor_Kit.xcdatamodeld in Sources */,
				F4E7AB9020B05A870032AD00 /* AppDelegate.swift in Sources */,
				F451800720CB7421004E8CB8 /* ColorUtil.swift in Sources */,
				F451800420CB7257004E8CB8 /* RoundCornerButton.swift in Sources */,
				F451800F20CB7956004E8CB8 /* Gradient.swift in Sources */,
			);
			runOnlyForDeploymentPostprocessing = 0;
		};
/* End PBXSourcesBuildPhase section */

/* Begin XCBuildConfiguration section */
		F4E7AB9F20B05A870032AD00 /* Debug */ = {
			isa = XCBuildConfiguration;
			buildSettings = {
				ALWAYS_SEARCH_USER_PATHS = NO;
				CLANG_ANALYZER_NONNULL = YES;
				CLANG_ANALYZER_NUMBER_OBJECT_CONVERSION = YES_AGGRESSIVE;
				CLANG_CXX_LANGUAGE_STANDARD = "gnu++14";
				CLANG_CXX_LIBRARY = "libc++";
				CLANG_ENABLE_MODULES = YES;
				CLANG_ENABLE_OBJC_ARC = YES;
				CLANG_WARN_BLOCK_CAPTURE_AUTORELEASING = YES;
				CLANG_WARN_BOOL_CONVERSION = YES;
				CLANG_WARN_COMMA = YES;
				CLANG_WARN_CONSTANT_CONVERSION = YES;
				CLANG_WARN_DIRECT_OBJC_ISA_USAGE = YES_ERROR;
				CLANG_WARN_DOCUMENTATION_COMMENTS = YES;
				CLANG_WARN_EMPTY_BODY = YES;
				CLANG_WARN_ENUM_CONVERSION = YES;
				CLANG_WARN_INFINITE_RECURSION = YES;
				CLANG_WARN_INT_CONVERSION = YES;
				CLANG_WARN_NON_LITERAL_NULL_CONVERSION = YES;
				CLANG_WARN_OBJC_LITERAL_CONVERSION = YES;
				CLANG_WARN_OBJC_ROOT_CLASS = YES_ERROR;
				CLANG_WARN_RANGE_LOOP_ANALYSIS = YES;
				CLANG_WARN_STRICT_PROTOTYPES = YES;
				CLANG_WARN_SUSPICIOUS_MOVE = YES;
				CLANG_WARN_UNGUARDED_AVAILABILITY = YES_AGGRESSIVE;
				CLANG_WARN_UNREACHABLE_CODE = YES;
				CLANG_WARN__DUPLICATE_METHOD_MATCH = YES;
				CODE_SIGN_IDENTITY = "iPhone Developer";
				COPY_PHASE_STRIP = NO;
				DEBUG_INFORMATION_FORMAT = dwarf;
				ENABLE_STRICT_OBJC_MSGSEND = YES;
				ENABLE_TESTABILITY = YES;
				GCC_C_LANGUAGE_STANDARD = gnu11;
				GCC_DYNAMIC_NO_PIC = NO;
				GCC_NO_COMMON_BLOCKS = YES;
				GCC_OPTIMIZATION_LEVEL = 0;
				GCC_PREPROCESSOR_DEFINITIONS = (
					"DEBUG=1",
					"$(inherited)",
				);
				GCC_WARN_64_TO_32_BIT_CONVERSION = YES;
				GCC_WARN_ABOUT_RETURN_TYPE = YES_ERROR;
				GCC_WARN_UNDECLARED_SELECTOR = YES;
				GCC_WARN_UNINITIALIZED_AUTOS = YES_AGGRESSIVE;
				GCC_WARN_UNUSED_FUNCTION = YES;
				GCC_WARN_UNUSED_VARIABLE = YES;
				IPHONEOS_DEPLOYMENT_TARGET = 11.2;
				MTL_ENABLE_DEBUG_INFO = YES;
				ONLY_ACTIVE_ARCH = YES;
				SDKROOT = iphoneos;
				SWIFT_ACTIVE_COMPILATION_CONDITIONS = DEBUG;
				SWIFT_OPTIMIZATION_LEVEL = "-Onone";
			};
			name = Debug;
		};
		F4E7ABA020B05A870032AD00 /* Release */ = {
			isa = XCBuildConfiguration;
			buildSettings = {
				ALWAYS_SEARCH_USER_PATHS = NO;
				CLANG_ANALYZER_NONNULL = YES;
				CLANG_ANALYZER_NUMBER_OBJECT_CONVERSION = YES_AGGRESSIVE;
				CLANG_CXX_LANGUAGE_STANDARD = "gnu++14";
				CLANG_CXX_LIBRARY = "libc++";
				CLANG_ENABLE_MODULES = YES;
				CLANG_ENABLE_OBJC_ARC = YES;
				CLANG_WARN_BLOCK_CAPTURE_AUTORELEASING = YES;
				CLANG_WARN_BOOL_CONVERSION = YES;
				CLANG_WARN_COMMA = YES;
				CLANG_WARN_CONSTANT_CONVERSION = YES;
				CLANG_WARN_DIRECT_OBJC_ISA_USAGE = YES_ERROR;
				CLANG_WARN_DOCUMENTATION_COMMENTS = YES;
				CLANG_WARN_EMPTY_BODY = YES;
				CLANG_WARN_ENUM_CONVERSION = YES;
				CLANG_WARN_INFINITE_RECURSION = YES;
				CLANG_WARN_INT_CONVERSION = YES;
				CLANG_WARN_NON_LITERAL_NULL_CONVERSION = YES;
				CLANG_WARN_OBJC_LITERAL_CONVERSION = YES;
				CLANG_WARN_OBJC_ROOT_CLASS = YES_ERROR;
				CLANG_WARN_RANGE_LOOP_ANALYSIS = YES;
				CLANG_WARN_STRICT_PROTOTYPES = YES;
				CLANG_WARN_SUSPICIOUS_MOVE = YES;
				CLANG_WARN_UNGUARDED_AVAILABILITY = YES_AGGRESSIVE;
				CLANG_WARN_UNREACHABLE_CODE = YES;
				CLANG_WARN__DUPLICATE_METHOD_MATCH = YES;
				CODE_SIGN_IDENTITY = "iPhone Developer";
				COPY_PHASE_STRIP = NO;
				DEBUG_INFORMATION_FORMAT = "dwarf-with-dsym";
				ENABLE_NS_ASSERTIONS = NO;
				ENABLE_STRICT_OBJC_MSGSEND = YES;
				GCC_C_LANGUAGE_STANDARD = gnu11;
				GCC_NO_COMMON_BLOCKS = YES;
				GCC_WARN_64_TO_32_BIT_CONVERSION = YES;
				GCC_WARN_ABOUT_RETURN_TYPE = YES_ERROR;
				GCC_WARN_UNDECLARED_SELECTOR = YES;
				GCC_WARN_UNINITIALIZED_AUTOS = YES_AGGRESSIVE;
				GCC_WARN_UNUSED_FUNCTION = YES;
				GCC_WARN_UNUSED_VARIABLE = YES;
				IPHONEOS_DEPLOYMENT_TARGET = 11.2;
				MTL_ENABLE_DEBUG_INFO = NO;
				SDKROOT = iphoneos;
				SWIFT_OPTIMIZATION_LEVEL = "-Owholemodule";
				VALIDATE_PRODUCT = YES;
			};
			name = Release;
		};
		F4E7ABA220B05A870032AD00 /* Debug */ = {
			isa = XCBuildConfiguration;
			buildSettings = {
				ASSETCATALOG_COMPILER_APPICON_NAME = AppIcon;
				CODE_SIGN_STYLE = Automatic;
				DEVELOPMENT_TEAM = ED5F6DV8X9;
				INFOPLIST_FILE = "Doctor-Kit/Info.plist";
				LD_RUNPATH_SEARCH_PATHS = "$(inherited) @executable_path/Frameworks";
				PRODUCT_BUNDLE_IDENTIFIER = "pe.edu.upc.Doctor-Kit";
				PRODUCT_NAME = "$(TARGET_NAME)";
				SWIFT_VERSION = 4.0;
				TARGETED_DEVICE_FAMILY = "1,2";
			};
			name = Debug;
		};
		F4E7ABA320B05A870032AD00 /* Release */ = {
			isa = XCBuildConfiguration;
			buildSettings = {
				ASSETCATALOG_COMPILER_APPICON_NAME = AppIcon;
				CODE_SIGN_STYLE = Automatic;
				DEVELOPMENT_TEAM = ED5F6DV8X9;
				INFOPLIST_FILE = "Doctor-Kit/Info.plist";
				LD_RUNPATH_SEARCH_PATHS = "$(inherited) @executable_path/Frameworks";
				PRODUCT_BUNDLE_IDENTIFIER = "pe.edu.upc.Doctor-Kit";
				PRODUCT_NAME = "$(TARGET_NAME)";
				SWIFT_VERSION = 4.0;
				TARGETED_DEVICE_FAMILY = "1,2";
			};
			name = Release;
		};
/* End XCBuildConfiguration section */

/* Begin XCConfigurationList section */
		F4E7AB8720B05A870032AD00 /* Build configuration list for PBXProject "Doctor-Kit" */ = {
			isa = XCConfigurationList;
			buildConfigurations = (
				F4E7AB9F20B05A870032AD00 /* Debug */,
				F4E7ABA020B05A870032AD00 /* Release */,
			);
			defaultConfigurationIsVisible = 0;
			defaultConfigurationName = Release;
		};
		F4E7ABA120B05A870032AD00 /* Build configuration list for PBXNativeTarget "Doctor-Kit" */ = {
			isa = XCConfigurationList;
			buildConfigurations = (
				F4E7ABA220B05A870032AD00 /* Debug */,
				F4E7ABA320B05A870032AD00 /* Release */,
			);
			defaultConfigurationIsVisible = 0;
			defaultConfigurationName = Release;
		};
/* End XCConfigurationList section */

/* Begin XCVersionGroup section */
		F4E7AB9620B05A870032AD00 /* Doctor_Kit.xcdatamodeld */ = {
			isa = XCVersionGroup;
			children = (
				F4E7AB9720B05A870032AD00 /* Doctor_Kit.xcdatamodel */,
			);
			currentVersion = F4E7AB9720B05A870032AD00 /* Doctor_Kit.xcdatamodel */;
			path = Doctor_Kit.xcdatamodeld;
			sourceTree = "<group>";
			versionGroupType = wrapper.xcdatamodel;
		};
/* End XCVersionGroup section */
	};
	rootObject = F4E7AB8420B05A870032AD00 /* Project object */;
}
